// !$*UTF8*$!
{
	archiveVersion = 1;
	classes = {
	};
	objectVersion = 46;
	objects = {

/* Begin PBXBuildFile section */
		93EC36D7DFA3B2FB90405AEF /* Pods_Lender.framework in Frameworks */ = {isa = PBXBuildFile; fileRef = BC90E49F881C341FCC99C0A8 /* Pods_Lender.framework */; };
		FAC2C3C91E8EE7AF00B87F50 /* AppDelegate.swift in Sources */ = {isa = PBXBuildFile; fileRef = FAC2C3C81E8EE7AF00B87F50 /* AppDelegate.swift */; };
		FAC2C3CB1E8EE7AF00B87F50 /* ListingsViewController.swift in Sources */ = {isa = PBXBuildFile; fileRef = FAC2C3CA1E8EE7AF00B87F50 /* ListingsViewController.swift */; };
		FAC2C3CE1E8EE7AF00B87F50 /* Main.storyboard in Resources */ = {isa = PBXBuildFile; fileRef = FAC2C3CC1E8EE7AF00B87F50 /* Main.storyboard */; };
		FAC2C3D01E8EE7AF00B87F50 /* Assets.xcassets in Resources */ = {isa = PBXBuildFile; fileRef = FAC2C3CF1E8EE7AF00B87F50 /* Assets.xcassets */; };
		FAC2C3D31E8EE7AF00B87F50 /* LaunchScreen.storyboard in Resources */ = {isa = PBXBuildFile; fileRef = FAC2C3D11E8EE7AF00B87F50 /* LaunchScreen.storyboard */; };
		FAC2C3DE1E9309B300B87F50 /* Listing.swift in Sources */ = {isa = PBXBuildFile; fileRef = FAC2C3DD1E9309B300B87F50 /* Listing.swift */; };
		FAC2C3E01E9309FE00B87F50 /* User.swift in Sources */ = {isa = PBXBuildFile; fileRef = FAC2C3DF1E9309FE00B87F50 /* User.swift */; };
		FAC2C3E21E930C8F00B87F50 /* Request.swift in Sources */ = {isa = PBXBuildFile; fileRef = FAC2C3E11E930C8F00B87F50 /* Request.swift */; };
		FAC2C3E41E93107200B87F50 /* RequestsViewController.swift in Sources */ = {isa = PBXBuildFile; fileRef = FAC2C3E31E93107200B87F50 /* RequestsViewController.swift */; };
		FAC2C3E61E93113300B87F50 /* RequestCell.swift in Sources */ = {isa = PBXBuildFile; fileRef = FAC2C3E51E93113300B87F50 /* RequestCell.swift */; };
		FAC2C3E81E9311C300B87F50 /* SearchSettings.swift in Sources */ = {isa = PBXBuildFile; fileRef = FAC2C3E71E9311C300B87F50 /* SearchSettings.swift */; };
		FAC2C3EA1E93179800B87F50 /* ListingCell.swift in Sources */ = {isa = PBXBuildFile; fileRef = FAC2C3E91E93179800B87F50 /* ListingCell.swift */; };
/* End PBXBuildFile section */

/* Begin PBXFileReference section */
		5837F8AB4807F6027D94F515 /* Pods-Lender.debug.xcconfig */ = {isa = PBXFileReference; includeInIndex = 1; lastKnownFileType = text.xcconfig; name = "Pods-Lender.debug.xcconfig"; path = "Pods/Target Support Files/Pods-Lender/Pods-Lender.debug.xcconfig"; sourceTree = "<group>"; };
		BC90E49F881C341FCC99C0A8 /* Pods_Lender.framework */ = {isa = PBXFileReference; explicitFileType = wrapper.framework; includeInIndex = 0; path = Pods_Lender.framework; sourceTree = BUILT_PRODUCTS_DIR; };
		F0A9634FDA9FA110F2D702EF /* Pods-Lender.release.xcconfig */ = {isa = PBXFileReference; includeInIndex = 1; lastKnownFileType = text.xcconfig; name = "Pods-Lender.release.xcconfig"; path = "Pods/Target Support Files/Pods-Lender/Pods-Lender.release.xcconfig"; sourceTree = "<group>"; };
		FAC2C3C51E8EE7AF00B87F50 /* Lender.app */ = {isa = PBXFileReference; explicitFileType = wrapper.application; includeInIndex = 0; path = Lender.app; sourceTree = BUILT_PRODUCTS_DIR; };
		FAC2C3C81E8EE7AF00B87F50 /* AppDelegate.swift */ = {isa = PBXFileReference; lastKnownFileType = sourcecode.swift; path = AppDelegate.swift; sourceTree = "<group>"; };
		FAC2C3CA1E8EE7AF00B87F50 /* ListingsViewController.swift */ = {isa = PBXFileReference; lastKnownFileType = sourcecode.swift; path = ListingsViewController.swift; sourceTree = "<group>"; };
		FAC2C3CD1E8EE7AF00B87F50 /* Base */ = {isa = PBXFileReference; lastKnownFileType = file.storyboard; name = Base; path = Base.lproj/Main.storyboard; sourceTree = "<group>"; };
		FAC2C3CF1E8EE7AF00B87F50 /* Assets.xcassets */ = {isa = PBXFileReference; lastKnownFileType = folder.assetcatalog; path = Assets.xcassets; sourceTree = "<group>"; };
		FAC2C3D21E8EE7AF00B87F50 /* Base */ = {isa = PBXFileReference; lastKnownFileType = file.storyboard; name = Base; path = Base.lproj/LaunchScreen.storyboard; sourceTree = "<group>"; };
		FAC2C3D41E8EE7AF00B87F50 /* Info.plist */ = {isa = PBXFileReference; lastKnownFileType = text.plist.xml; path = Info.plist; sourceTree = "<group>"; };
		FAC2C3DD1E9309B300B87F50 /* Listing.swift */ = {isa = PBXFileReference; fileEncoding = 4; lastKnownFileType = sourcecode.swift; path = Listing.swift; sourceTree = "<group>"; };
		FAC2C3DF1E9309FE00B87F50 /* User.swift */ = {isa = PBXFileReference; fileEncoding = 4; lastKnownFileType = sourcecode.swift; path = User.swift; sourceTree = "<group>"; };
		FAC2C3E11E930C8F00B87F50 /* Request.swift */ = {isa = PBXFileReference; fileEncoding = 4; lastKnownFileType = sourcecode.swift; path = Request.swift; sourceTree = "<group>"; };
		FAC2C3E31E93107200B87F50 /* RequestsViewController.swift */ = {isa = PBXFileReference; fileEncoding = 4; lastKnownFileType = sourcecode.swift; path = RequestsViewController.swift; sourceTree = "<group>"; };
		FAC2C3E51E93113300B87F50 /* RequestCell.swift */ = {isa = PBXFileReference; fileEncoding = 4; lastKnownFileType = sourcecode.swift; path = RequestCell.swift; sourceTree = "<group>"; };
		FAC2C3E71E9311C300B87F50 /* SearchSettings.swift */ = {isa = PBXFileReference; fileEncoding = 4; lastKnownFileType = sourcecode.swift; path = SearchSettings.swift; sourceTree = "<group>"; };
		FAC2C3E91E93179800B87F50 /* ListingCell.swift */ = {isa = PBXFileReference; fileEncoding = 4; lastKnownFileType = sourcecode.swift; path = ListingCell.swift; sourceTree = "<group>"; };
/* End PBXFileReference section */

/* Begin PBXFrameworksBuildPhase section */
		FAC2C3C21E8EE7AE00B87F50 /* Frameworks */ = {
			isa = PBXFrameworksBuildPhase;
			buildActionMask = 2147483647;
			files = (
				93EC36D7DFA3B2FB90405AEF /* Pods_Lender.framework in Frameworks */,
			);
			runOnlyForDeploymentPostprocessing = 0;
		};
/* End PBXFrameworksBuildPhase section */

/* Begin PBXGroup section */
		486B6CE7E4AED57D9FDEDCF9 /* Frameworks */ = {
			isa = PBXGroup;
			children = (
				BC90E49F881C341FCC99C0A8 /* Pods_Lender.framework */,
			);
			name = Frameworks;
			sourceTree = "<group>";
		};
		BF7748EC5C647B7F250F2DE0 /* Pods */ = {
			isa = PBXGroup;
			children = (
				5837F8AB4807F6027D94F515 /* Pods-Lender.debug.xcconfig */,
				F0A9634FDA9FA110F2D702EF /* Pods-Lender.release.xcconfig */,
			);
			name = Pods;
			sourceTree = "<group>";
		};
		FAC2C3BC1E8EE7AE00B87F50 = {
			isa = PBXGroup;
			children = (
				FAC2C3C71E8EE7AF00B87F50 /* Lender */,
				FAC2C3C61E8EE7AF00B87F50 /* Products */,
				BF7748EC5C647B7F250F2DE0 /* Pods */,
				486B6CE7E4AED57D9FDEDCF9 /* Frameworks */,
			);
			sourceTree = "<group>";
		};
		FAC2C3C61E8EE7AF00B87F50 /* Products */ = {
			isa = PBXGroup;
			children = (
				FAC2C3C51E8EE7AF00B87F50 /* Lender.app */,
			);
			name = Products;
			sourceTree = "<group>";
		};
		FAC2C3C71E8EE7AF00B87F50 /* Lender */ = {
			isa = PBXGroup;
			children = (
				FAC2C3DC1E93096200B87F50 /* Models */,
				FAC2C3DB1E93095D00B87F50 /* Views */,
				FAC2C3DA1E93094E00B87F50 /* ViewControllers */,
				FAC2C3C81E8EE7AF00B87F50 /* AppDelegate.swift */,
				FAC2C3CC1E8EE7AF00B87F50 /* Main.storyboard */,
				FAC2C3CF1E8EE7AF00B87F50 /* Assets.xcassets */,
				FAC2C3D11E8EE7AF00B87F50 /* LaunchScreen.storyboard */,
				FAC2C3D41E8EE7AF00B87F50 /* Info.plist */,
			);
			path = Lender;
			sourceTree = "<group>";
		};
		FAC2C3DA1E93094E00B87F50 /* ViewControllers */ = {
			isa = PBXGroup;
			children = (
				FAC2C3CA1E8EE7AF00B87F50 /* ListingsViewController.swift */,
				FAC2C3E31E93107200B87F50 /* RequestsViewController.swift */,
			);
			name = ViewControllers;
			sourceTree = "<group>";
		};
		FAC2C3DB1E93095D00B87F50 /* Views */ = {
			isa = PBXGroup;
			children = (
				FAC2C3E51E93113300B87F50 /* RequestCell.swift */,
				FAC2C3E91E93179800B87F50 /* ListingCell.swift */,
			);
			name = Views;
			sourceTree = "<group>";
		};
		FAC2C3DC1E93096200B87F50 /* Models */ = {
			isa = PBXGroup;
			children = (
				FAC2C3DD1E9309B300B87F50 /* Listing.swift */,
				FAC2C3DF1E9309FE00B87F50 /* User.swift */,
				FAC2C3E11E930C8F00B87F50 /* Request.swift */,
				FAC2C3E71E9311C300B87F50 /* SearchSettings.swift */,
			);
			name = Models;
			sourceTree = "<group>";
		};
/* End PBXGroup section */

/* Begin PBXNativeTarget section */
		FAC2C3C41E8EE7AE00B87F50 /* Lender */ = {
			isa = PBXNativeTarget;
			buildConfigurationList = FAC2C3D71E8EE7AF00B87F50 /* Build configuration list for PBXNativeTarget "Lender" */;
			buildPhases = (
				A54FC360C3D4FDF44DB16749 /* [CP] Check Pods Manifest.lock */,
				FAC2C3C11E8EE7AE00B87F50 /* Sources */,
				FAC2C3C21E8EE7AE00B87F50 /* Frameworks */,
				FAC2C3C31E8EE7AE00B87F50 /* Resources */,
				B02A6D5653725F6C0F469E5F /* [CP] Embed Pods Frameworks */,
				139EED077E570567CD669860 /* [CP] Copy Pods Resources */,
			);
			buildRules = (
			);
			dependencies = (
			);
			name = Lender;
			productName = Lender;
			productReference = FAC2C3C51E8EE7AF00B87F50 /* Lender.app */;
			productType = "com.apple.product-type.application";
		};
/* End PBXNativeTarget section */

/* Begin PBXProject section */
		FAC2C3BD1E8EE7AE00B87F50 /* Project object */ = {
			isa = PBXProject;
			attributes = {
				LastSwiftUpdateCheck = 0820;
				LastUpgradeCheck = 0820;
				ORGANIZATIONNAME = "Alex Chen";
				TargetAttributes = {
					FAC2C3C41E8EE7AE00B87F50 = {
						CreatedOnToolsVersion = 8.2.1;
						DevelopmentTeam = 6J8XEY338X;
						ProvisioningStyle = Automatic;
					};
				};
			};
			buildConfigurationList = FAC2C3C01E8EE7AE00B87F50 /* Build configuration list for PBXProject "Lender" */;
			compatibilityVersion = "Xcode 3.2";
			developmentRegion = English;
			hasScannedForEncodings = 0;
			knownRegions = (
				en,
				Base,
			);
			mainGroup = FAC2C3BC1E8EE7AE00B87F50;
			productRefGroup = FAC2C3C61E8EE7AF00B87F50 /* Products */;
			projectDirPath = "";
			projectRoot = "";
			targets = (
				FAC2C3C41E8EE7AE00B87F50 /* Lender */,
			);
		};
/* End PBXProject section */

/* Begin PBXResourcesBuildPhase section */
		FAC2C3C31E8EE7AE00B87F50 /* Resources */ = {
			isa = PBXResourcesBuildPhase;
			buildActionMask = 2147483647;
			files = (
				FAC2C3D31E8EE7AF00B87F50 /* LaunchScreen.storyboard in Resources */,
				FAC2C3D01E8EE7AF00B87F50 /* Assets.xcassets in Resources */,
				FAC2C3CE1E8EE7AF00B87F50 /* Main.storyboard in Resources */,
			);
			runOnlyForDeploymentPostprocessing = 0;
		};
/* End PBXResourcesBuildPhase section */

/* Begin PBXShellScriptBuildPhase section */
		139EED077E570567CD669860 /* [CP] Copy Pods Resources */ = {
			isa = PBXShellScriptBuildPhase;
			buildActionMask = 2147483647;
			files = (
			);
			inputPaths = (
			);
			name = "[CP] Copy Pods Resources";
			outputPaths = (
			);
			runOnlyForDeploymentPostprocessing = 0;
			shellPath = /bin/sh;
			shellScript = "\"${SRCROOT}/Pods/Target Support Files/Pods-Lender/Pods-Lender-resources.sh\"\n";
			showEnvVarsInLog = 0;
		};
		A54FC360C3D4FDF44DB16749 /* [CP] Check Pods Manifest.lock */ = {
			isa = PBXShellScriptBuildPhase;
			buildActionMask = 2147483647;
			files = (
			);
			inputPaths = (
			);
			name = "[CP] Check Pods Manifest.lock";
			outputPaths = (
			);
			runOnlyForDeploymentPostprocessing = 0;
			shellPath = /bin/sh;
			shellScript = "diff \"${PODS_ROOT}/../Podfile.lock\" \"${PODS_ROOT}/Manifest.lock\" > /dev/null\nif [ $? != 0 ] ; then\n    # print error to STDERR\n    echo \"error: The sandbox is not in sync with the Podfile.lock. Run 'pod install' or update your CocoaPods installation.\" >&2\n    exit 1\nfi\n";
			showEnvVarsInLog = 0;
		};
		B02A6D5653725F6C0F469E5F /* [CP] Embed Pods Frameworks */ = {
			isa = PBXShellScriptBuildPhase;
			buildActionMask = 2147483647;
			files = (
			);
			inputPaths = (
			);
			name = "[CP] Embed Pods Frameworks";
			outputPaths = (
			);
			runOnlyForDeploymentPostprocessing = 0;
			shellPath = /bin/sh;
			shellScript = "\"${SRCROOT}/Pods/Target Support Files/Pods-Lender/Pods-Lender-frameworks.sh\"\n";
			showEnvVarsInLog = 0;
		};
/* End PBXShellScriptBuildPhase section */

/* Begin PBXSourcesBuildPhase section */
		FAC2C3C11E8EE7AE00B87F50 /* Sources */ = {
			isa = PBXSourcesBuildPhase;
			buildActionMask = 2147483647;
			files = (
				FAC2C3E01E9309FE00B87F50 /* User.swift in Sources */,
				FAC2C3E61E93113300B87F50 /* RequestCell.swift in Sources */,
				FAC2C3CB1E8EE7AF00B87F50 /* ListingsViewController.swift in Sources */,
				FAC2C3EA1E93179800B87F50 /* ListingCell.swift in Sources */,
				FAC2C3E41E93107200B87F50 /* RequestsViewController.swift in Sources */,
				FAC2C3E21E930C8F00B87F50 /* Request.swift in Sources */,
				FAC2C3DE1E9309B300B87F50 /* Listing.swift in Sources */,
				FAC2C3E81E9311C300B87F50 /* SearchSettings.swift in Sources */,
				FAC2C3C91E8EE7AF00B87F50 /* AppDelegate.swift in Sources */,
			);
			runOnlyForDeploymentPostprocessing = 0;
		};
/* End PBXSourcesBuildPhase section */

/* Begin PBXVariantGroup section */
		FAC2C3CC1E8EE7AF00B87F50 /* Main.storyboard */ = {
			isa = PBXVariantGroup;
			children = (
				FAC2C3CD1E8EE7AF00B87F50 /* Base */,
			);
			name = Main.storyboard;
			sourceTree = "<group>";
		};
		FAC2C3D11E8EE7AF00B87F50 /* LaunchScreen.storyboard */ = {
			isa = PBXVariantGroup;
			children = (
				FAC2C3D21E8EE7AF00B87F50 /* Base */,
			);
			name = LaunchScreen.storyboard;
			sourceTree = "<group>";
		};
/* End PBXVariantGroup section */

/* Begin XCBuildConfiguration section */
		FAC2C3D51E8EE7AF00B87F50 /* Debug */ = {
			isa = XCBuildConfiguration;
			buildSettings = {
				ALWAYS_SEARCH_USER_PATHS = NO;
				CLANG_ANALYZER_NONNULL = YES;
				CLANG_CXX_LANGUAGE_STANDARD = "gnu++0x";
				CLANG_CXX_LIBRARY = "libc++";
				CLANG_ENABLE_MODULES = YES;
				CLANG_ENABLE_OBJC_ARC = YES;
				CLANG_WARN_BOOL_CONVERSION = YES;
				CLANG_WARN_CONSTANT_CONVERSION = YES;
				CLANG_WARN_DIRECT_OBJC_ISA_USAGE = YES_ERROR;
				CLANG_WARN_DOCUMENTATION_COMMENTS = YES;
				CLANG_WARN_EMPTY_BODY = YES;
				CLANG_WARN_ENUM_CONVERSION = YES;
				CLANG_WARN_INFINITE_RECURSION = YES;
				CLANG_WARN_INT_CONVERSION = YES;
				CLANG_WARN_OBJC_ROOT_CLASS = YES_ERROR;
				CLANG_WARN_SUSPICIOUS_MOVE = YES;
				CLANG_WARN_UNREACHABLE_CODE = YES;
				CLANG_WARN__DUPLICATE_METHOD_MATCH = YES;
				"CODE_SIGN_IDENTITY[sdk=iphoneos*]" = "iPhone Developer";
				COPY_PHASE_STRIP = NO;
				DEBUG_INFORMATION_FORMAT = dwarf;
				ENABLE_STRICT_OBJC_MSGSEND = YES;
				ENABLE_TESTABILITY = YES;
				GCC_C_LANGUAGE_STANDARD = gnu99;
				GCC_DYNAMIC_NO_PIC = NO;
				GCC_NO_COMMON_BLOCKS = YES;
				GCC_OPTIMIZATION_LEVEL = 0;
				GCC_PREPROCESSOR_DEFINITIONS = (
					"DEBUG=1",
					"$(inherited)",
				);
				GCC_WARN_64_TO_32_BIT_CONVERSION = YES;
				GCC_WARN_ABOUT_RETURN_TYPE = YES_ERROR;
				GCC_WARN_UNDECLARED_SELECTOR = YES;
				GCC_WARN_UNINITIALIZED_AUTOS = YES_AGGRESSIVE;
				GCC_WARN_UNUSED_FUNCTION = YES;
				GCC_WARN_UNUSED_VARIABLE = YES;
				IPHONEOS_DEPLOYMENT_TARGET = 10.2;
				MTL_ENABLE_DEBUG_INFO = YES;
				ONLY_ACTIVE_ARCH = YES;
				SDKROOT = iphoneos;
				SWIFT_ACTIVE_COMPILATION_CONDITIONS = DEBUG;
				SWIFT_OPTIMIZATION_LEVEL = "-Onone";
			};
			name = Debug;
		};
		FAC2C3D61E8EE7AF00B87F50 /* Release */ = {
			isa = XCBuildConfiguration;
			buildSettings = {
				ALWAYS_SEARCH_USER_PATHS = NO;
				CLANG_ANALYZER_NONNULL = YES;
				CLANG_CXX_LANGUAGE_STANDARD = "gnu++0x";
				CLANG_CXX_LIBRARY = "libc++";
				CLANG_ENABLE_MODULES = YES;
				CLANG_ENABLE_OBJC_ARC = YES;
				CLANG_WARN_BOOL_CONVERSION = YES;
				CLANG_WARN_CONSTANT_CONVERSION = YES;
				CLANG_WARN_DIRECT_OBJC_ISA_USAGE = YES_ERROR;
				CLANG_WARN_DOCUMENTATION_COMMENTS = YES;
				CLANG_WARN_EMPTY_BODY = YES;
				CLANG_WARN_ENUM_CONVERSION = YES;
				CLANG_WARN_INFINITE_RECURSION = YES;
				CLANG_WARN_INT_CONVERSION = YES;
				CLANG_WARN_OBJC_ROOT_CLASS = YES_ERROR;
				CLANG_WARN_SUSPICIOUS_MOVE = YES;
				CLANG_WARN_UNREACHABLE_CODE = YES;
				CLANG_WARN__DUPLICATE_METHOD_MATCH = YES;
				"CODE_SIGN_IDENTITY[sdk=iphoneos*]" = "iPhone Developer";
				COPY_PHASE_STRIP = NO;
				DEBUG_INFORMATION_FORMAT = "dwarf-with-dsym";
				ENABLE_NS_ASSERTIONS = NO;
				ENABLE_STRICT_OBJC_MSGSEND = YES;
				GCC_C_LANGUAGE_STANDARD = gnu99;
				GCC_NO_COMMON_BLOCKS = YES;
				GCC_WARN_64_TO_32_BIT_CONVERSION = YES;
				GCC_WARN_ABOUT_RETURN_TYPE = YES_ERROR;
				GCC_WARN_UNDECLARED_SELECTOR = YES;
				GCC_WARN_UNINITIALIZED_AUTOS = YES_AGGRESSIVE;
				GCC_WARN_UNUSED_FUNCTION = YES;
				GCC_WARN_UNUSED_VARIABLE = YES;
				IPHONEOS_DEPLOYMENT_TARGET = 10.2;
				MTL_ENABLE_DEBUG_INFO = NO;
				SDKROOT = iphoneos;
				SWIFT_OPTIMIZATION_LEVEL = "-Owholemodule";
				VALIDATE_PRODUCT = YES;
			};
			name = Release;
		};
		FAC2C3D81E8EE7AF00B87F50 /* Debug */ = {
			isa = XCBuildConfiguration;
			baseConfigurationReference = 5837F8AB4807F6027D94F515 /* Pods-Lender.debug.xcconfig */;
			buildSettings = {
				ASSETCATALOG_COMPILER_APPICON_NAME = AppIcon;
				DEVELOPMENT_TEAM = 6J8XEY338X;
				INFOPLIST_FILE = Lender/Info.plist;
				LD_RUNPATH_SEARCH_PATHS = "$(inherited) @executable_path/Frameworks";
				PRODUCT_BUNDLE_IDENTIFIER = utingu.Lender;
				PRODUCT_NAME = "$(TARGET_NAME)";
				SWIFT_VERSION = 3.0;
			};
			name = Debug;
		};
		FAC2C3D91E8EE7AF00B87F50 /* Release */ = {
			isa = XCBuildConfiguration;
			baseConfigurationReference = F0A9634FDA9FA110F2D702EF /* Pods-Lender.release.xcconfig */;
			buildSettings = {
				ASSETCATALOG_COMPILER_APPICON_NAME = AppIcon;
				DEVELOPMENT_TEAM = 6J8XEY338X;
				INFOPLIST_FILE = Lender/Info.plist;
				LD_RUNPATH_SEARCH_PATHS = "$(inherited) @executable_path/Frameworks";
				PRODUCT_BUNDLE_IDENTIFIER = utingu.Lender;
				PRODUCT_NAME = "$(TARGET_NAME)";
				SWIFT_VERSION = 3.0;
			};
			name = Release;
		};
/* End XCBuildConfiguration section */

/* Begin XCConfigurationList section */
		FAC2C3C01E8EE7AE00B87F50 /* Build configuration list for PBXProject "Lender" */ = {
			isa = XCConfigurationList;
			buildConfigurations = (
				FAC2C3D51E8EE7AF00B87F50 /* Debug */,
				FAC2C3D61E8EE7AF00B87F50 /* Release */,
			);
			defaultConfigurationIsVisible = 0;
			defaultConfigurationName = Release;
		};
		FAC2C3D71E8EE7AF00B87F50 /* Build configuration list for PBXNativeTarget "Lender" */ = {
			isa = XCConfigurationList;
			buildConfigurations = (
				FAC2C3D81E8EE7AF00B87F50 /* Debug */,
				FAC2C3D91E8EE7AF00B87F50 /* Release */,
			);
			defaultConfigurationIsVisible = 0;
			defaultConfigurationName = Release;
		};
/* End XCConfigurationList section */
	};
	rootObject = FAC2C3BD1E8EE7AE00B87F50 /* Project object */;
}
